
Microsoft Visual Studio Solution File, Format Version 12.00
# Visual Studio Version 17
VisualStudioVersion = 17.7.34202.233
MinimumVisualStudioVersion = 10.0.40219.1
Project("{9A19103F-16F7-4668-BE54-9A1E7A4F7556}") = "TestAPI", "Source Code\TestAPI\TestAPI.csproj", "{A7F18B55-81F5-422B-B6D7-372A61E524B0}"
EndProject
Project("{9A19103F-16F7-4668-BE54-9A1E7A4F7556}") = "CarSales", "..\Week 2\Source Code\CarSales\CarSales.csproj", "{D54B5677-8FAD-44EF-B294-4B84E2441AE9}"
EndProject
Global
	GlobalSection(SolutionConfigurationPlatforms) = preSolution
		Debug|Any CPU = Debug|Any CPU
		Release|Any CPU = Release|Any CPU
	EndGlobalSection
	GlobalSection(ProjectConfigurationPlatforms) = postSolution
		{A7F18B55-81F5-422B-B6D7-372A61E524B0}.Debug|Any CPU.ActiveCfg = Debug|Any CPU
		{A7F18B55-81F5-422B-B6D7-372A61E524B0}.Debug|Any CPU.Build.0 = Debug|Any CPU
		{A7F18B55-81F5-422B-B6D7-372A61E524B0}.Release|Any CPU.ActiveCfg = Release|Any CPU
		{A7F18B55-81F5-422B-B6D7-372A61E524B0}.Release|Any CPU.Build.0 = Release|Any CPU
		{D54B5677-8FAD-44EF-B294-4B84E2441AE9}.Debug|Any CPU.ActiveCfg = Debug|Any CPU
		{D54B5677-8FAD-44EF-B294-4B84E2441AE9}.Debug|Any CPU.Build.0 = Debug|Any CPU
		{D54B5677-8FAD-44EF-B294-4B84E2441AE9}.Release|Any CPU.ActiveCfg = Release|Any CPU
		{D54B5677-8FAD-44EF-B294-4B84E2441AE9}.Release|Any CPU.Build.0 = Release|Any CPU
	EndGlobalSection
	GlobalSection(SolutionProperties) = preSolution
		HideSolutionNode = FALSE
	EndGlobalSection
	GlobalSection(ExtensibilityGlobals) = postSolution
		SolutionGuid = {7D1FD58E-369C-490A-B15E-3DD4D7C571D3}
	EndGlobalSection
EndGlobal
